
Microsoft Visual Studio Solution File, Format Version 12.00
# Visual Studio Version 16
VisualStudioVersion = 16.0.30011.22
MinimumVisualStudioVersion = 10.0.40219.1
Project("{FAE04EC0-301F-11D3-BF4B-00C04F79EFBC}") = "01_GitGiris", "01_GitGiris\01_GitGiris.csproj", "{8C031914-15A1-489C-9CEF-560E034FBB32}"
EndProject
Global
	GlobalSection(SolutionConfigurationPlatforms) = preSolution
		Debug|Any CPU = Debug|Any CPU
		Release|Any CPU = Release|Any CPU
	EndGlobalSection
	GlobalSection(ProjectConfigurationPlatforms) = postSolution
		{8C031914-15A1-489C-9CEF-560E034FBB32}.Debug|Any CPU.ActiveCfg = Debug|Any CPU
		{8C031914-15A1-489C-9CEF-560E034FBB32}.Debug|Any CPU.Build.0 = Debug|Any CPU
		{8C031914-15A1-489C-9CEF-560E034FBB32}.Release|Any CPU.ActiveCfg = Release|Any CPU
		{8C031914-15A1-489C-9CEF-560E034FBB32}.Release|Any CPU.Build.0 = Release|Any CPU
	EndGlobalSection
	GlobalSection(SolutionProperties) = preSolution
		HideSolutionNode = FALSE
	EndGlobalSection
	GlobalSection(ExtensibilityGlobals) = postSolution
		SolutionGuid = {8B2B5CFC-F9CF-4827-BBED-5D51A71A096C}
	EndGlobalSection
EndGlobal
